{
  "name": "javascript",
  "version": "1.0.0",
  "lockfileVersion": 3,
  "requires": true,
  "packages": {
    "": {
      "name": "javascript",
      "version": "1.0.0",
      "license": "ISC",
      "dependencies": {
        "@jsonresume/schema": "^1.2.0"
      }
    },
    "node_modules/@jsonresume/schema": {
      "version": "1.2.1",
      "resolved": "https://registry.npmjs.org/@jsonresume/schema/-/schema-1.2.1.tgz",
      "integrity": "sha512-kcst3WFNz+ACZnazWSHgI8hiooSuBH/j+TdduJ6LqMEoE+Kni1wDbrINkAzTR72D+gc1GEG4I/HRTqoa5dMJiA==",
      "license": "MIT",
      "dependencies": {
        "jsonschema": "^1.4.1"
      },
      "engines": {
        "node": ">=20"
      }
    },
    "node_modules/jsonschema": {
      "version": "1.4.1",
      "resolved": "https://registry.npmjs.org/jsonschema/-/jsonschema-1.4.1.tgz",
      "integrity": "sha512-S6cATIPVv1z0IlxdN+zUk5EPjkGCdnhN4wVSBlvoUO1tOLJootbo9CquNJmbIh4yikWHiUedhRYrNPn1arpEmQ==",
      "license": "MIT",
      "engines": {
        "node": "*"
      }
    }
  }
}
